# Generated by buf. DO NOT EDIT.
version: v2
deps:
  - name: buf.build/googleapis/googleapis
    commit: 2bbd25900cb34c79bae97d85c948d3cf
    digest: b5:3a12d858b0efcf53739b0fe6b4f83ccef246a0a26d257dc50a7d0d0794be3b6df941cf7e1dbf92f81c25ae60806132bf37b1af76a9311be8905f5da52c6a5f66
  - name: buf.build/grpc-ecosystem/grpc-gateway
    commit: a48fcebcf8f140dd9d09359b9bb185a4
    digest: b5:330af8a71b579ab96c4f3ee26929d1a68a5a9e986c7cfe0a898591fc514216bb6e723dc04c74d90fdee3f3f14f9100a54b4f079eb273e6e7213f0d5baca36ff8
